
Microsoft Visual Studio Solution File, Format Version 12.00
# Visual Studio Version 16
VisualStudioVersion = 16.0.31321.278
MinimumVisualStudioVersion = 10.0.40219.1
Project("{FAE04EC0-301F-11D3-BF4B-00C04F79EFBC}") = "Louis-Philippe_Loeckx_PartyMVC", "Louis-Philippe_Loeckx_PartyMVC.csproj", "{0A2E7F08-0363-48A6-A05A-F13ED75B4AAF}"
EndProject
Global
	GlobalSection(SolutionConfigurationPlatforms) = preSolution
		Debug|Any CPU = Debug|Any CPU
		Release|Any CPU = Release|Any CPU
	EndGlobalSection
	GlobalSection(ProjectConfigurationPlatforms) = postSolution
		{0A2E7F08-0363-48A6-A05A-F13ED75B4AAF}.Debug|Any CPU.ActiveCfg = Debug|Any CPU
		{0A2E7F08-0363-48A6-A05A-F13ED75B4AAF}.Debug|Any CPU.Build.0 = Debug|Any CPU
		{0A2E7F08-0363-48A6-A05A-F13ED75B4AAF}.Release|Any CPU.ActiveCfg = Release|Any CPU
		{0A2E7F08-0363-48A6-A05A-F13ED75B4AAF}.Release|Any CPU.Build.0 = Release|Any CPU
	EndGlobalSection
	GlobalSection(SolutionProperties) = preSolution
		HideSolutionNode = FALSE
	EndGlobalSection
	GlobalSection(ExtensibilityGlobals) = postSolution
		SolutionGuid = {E7963A2B-9FEE-4491-B67B-A6C787381D27}
	EndGlobalSection
EndGlobal
